
Microsoft Visual Studio Solution File, Format Version 12.00
# Visual Studio Version 17
VisualStudioVersion = 17.0.31919.166
MinimumVisualStudioVersion = 10.0.40219.1
Project("{2150E333-8FDC-42A3-9474-1A3956D46DE8}") = "Services", "Services", "{D08F40B9-2FDC-4294-8372-DD54D79B9465}"
EndProject
Project("{2150E333-8FDC-42A3-9474-1A3956D46DE8}") = "Frontend", "Frontend", "{8C1E157A-C694-4951-A29D-F73B6CE7A4CC}"
EndProject
Project("{FAE04EC0-301F-11D3-BF4B-00C04F79EFBC}") = "Store.Web", "Store.Web\Store.Web.csproj", "{0C64CBA4-55CA-4343-9AB9-B0B8265EA7B6}"
EndProject
Project("{FAE04EC0-301F-11D3-BF4B-00C04F79EFBC}") = "Store.ProductApi", "Store.ProductApi\Store.ProductApi.csproj", "{20042C35-BD31-4D22-81E8-333D64BEB4EE}"
EndProject
Global
	GlobalSection(SolutionConfigurationPlatforms) = preSolution
		Debug|Any CPU = Debug|Any CPU
		Release|Any CPU = Release|Any CPU
	EndGlobalSection
	GlobalSection(ProjectConfigurationPlatforms) = postSolution
		{0C64CBA4-55CA-4343-9AB9-B0B8265EA7B6}.Debug|Any CPU.ActiveCfg = Debug|Any CPU
		{0C64CBA4-55CA-4343-9AB9-B0B8265EA7B6}.Debug|Any CPU.Build.0 = Debug|Any CPU
		{0C64CBA4-55CA-4343-9AB9-B0B8265EA7B6}.Release|Any CPU.ActiveCfg = Release|Any CPU
		{0C64CBA4-55CA-4343-9AB9-B0B8265EA7B6}.Release|Any CPU.Build.0 = Release|Any CPU
		{20042C35-BD31-4D22-81E8-333D64BEB4EE}.Debug|Any CPU.ActiveCfg = Debug|Any CPU
		{20042C35-BD31-4D22-81E8-333D64BEB4EE}.Debug|Any CPU.Build.0 = Debug|Any CPU
		{20042C35-BD31-4D22-81E8-333D64BEB4EE}.Release|Any CPU.ActiveCfg = Release|Any CPU
		{20042C35-BD31-4D22-81E8-333D64BEB4EE}.Release|Any CPU.Build.0 = Release|Any CPU
	EndGlobalSection
	GlobalSection(SolutionProperties) = preSolution
		HideSolutionNode = FALSE
	EndGlobalSection
	GlobalSection(NestedProjects) = preSolution
		{0C64CBA4-55CA-4343-9AB9-B0B8265EA7B6} = {8C1E157A-C694-4951-A29D-F73B6CE7A4CC}
		{20042C35-BD31-4D22-81E8-333D64BEB4EE} = {D08F40B9-2FDC-4294-8372-DD54D79B9465}
	EndGlobalSection
	GlobalSection(ExtensibilityGlobals) = postSolution
		SolutionGuid = {C7938FD9-842F-430C-8405-B5FD7C019212}
	EndGlobalSection
EndGlobal
